PODS:
  - Alamofire (4.8.2)
  - anim (1.2.10)
  - BackendlessSwift (6.2.10):
    - Socket.IO-Client-Swift (~> 15.2)
  - FirebaseAuth (4.4.1):
    - FirebaseAnalytics (~> 4.0)
    - FirebaseCore (~> 4.0)
    - "GoogleToolboxForMac/NSDictionary+URLArguments (~> 2.1)"
    - GTMSessionFetcher/Core (~> 1.1)
  - FirebaseCore (4.0.13):
    - "GoogleToolboxForMac/NSData+zlib (~> 2.1)"
  - FirebaseDatabase (4.1.3):
    - FirebaseAnalytics (~> 4.0)
    - FirebaseCore (~> 4.0)
    - leveldb-library (~> 1.18)
  - FirebaseStorage (2.1.1):
    - FirebaseAnalytics (~> 4.0)
    - FirebaseCore (~> 4.0)
    - GTMSessionFetcher/Core (~> 1.1)
  - GoogleToolboxForMac/DebugUtils (2.3.1):
    - GoogleToolboxForMac/Defines (= 2.3.1)
  - GoogleToolboxForMac/Defines (2.3.1)
  - "GoogleToolboxForMac/NSData+zlib (2.3.1)":
    - GoogleToolboxForMac/Defines (= 2.3.1)
  - "GoogleToolboxForMac/NSDictionary+URLArguments (2.3.1)":
    - GoogleToolboxForMac/DebugUtils (= 2.3.1)
    - GoogleToolboxForMac/Defines (= 2.3.1)
    - "GoogleToolboxForMac/NSString+URLArguments (= 2.3.1)"
  - "GoogleToolboxForMac/NSString+URLArguments (2.3.1)"
  - GTMSessionFetcher/Core (1.5.0)
  - leveldb-library (1.22)
  - ReachabilitySwift (5.0.0)
  - Socket.IO-Client-Swift (15.2.0):
    - Starscream (~> 3.1)
  - Starscream (3.1.1)
  - SwiftyDropbox (6.0.3):
    - Alamofire (~> 4.8.2)
  - SwiftyJSON (5.0.0)
  - Uploadcare/Core (3.0.2)

DEPENDENCIES:
  - Alamofire (~> 4.8.1)
  - anim
  - BackendlessSwift
  - FirebaseAuth (from `./FireBaseSDK/`)
  - FirebaseCore (from `./FireBaseSDK/`)
  - FirebaseDatabase (from `./FireBaseSDK/`)
  - FirebaseStorage (from `./FireBaseSDK/`)
  - ReachabilitySwift
  - SwiftyDropbox
  - SwiftyJSON
  - Uploadcare/Core (from `./UploadCareSDK/`)

SPEC REPOS:
  trunk:
    - Alamofire
    - anim
    - BackendlessSwift
    - GoogleToolboxForMac
    - GTMSessionFetcher
    - leveldb-library
    - ReachabilitySwift
    - Socket.IO-Client-Swift
    - Starscream
    - SwiftyDropbox
    - SwiftyJSON

EXTERNAL SOURCES:
  FirebaseAuth:
    :path: "./FireBaseSDK/"
  FirebaseCore:
    :path: "./FireBaseSDK/"
  FirebaseDatabase:
    :path: "./FireBaseSDK/"
  FirebaseStorage:
    :path: "./FireBaseSDK/"
  Uploadcare:
    :path: "./UploadCareSDK/"

SPEC CHECKSUMS:
  Alamofire: ae5c501addb7afdbb13687d7f2f722c78734c2d3
  anim: 8603b8aa9f20c26fb04bfc94967f0e942687938d
  BackendlessSwift: e16671bc5eba947c4c3f448f4c2dafec278ab86e
  FirebaseAuth: 425898be15cfff4d032c1a7496ad6818653bc14c
  FirebaseCore: afbceb9ed4a859265a2958b781cf3b9b801dda7d
  FirebaseDatabase: 3332a9e9863c61b25daced9c49672fcddc849477
  FirebaseStorage: 93fb7ae9345f7f3170833c18e342534377d8ab2d
  GoogleToolboxForMac: 471e0c05d39506e50e6398f46fa9a12ae0efeff9
  GTMSessionFetcher: b3503b20a988c4e20cc189aa798fd18220133f52
  leveldb-library: 55d93ee664b4007aac644a782d11da33fba316f7
  ReachabilitySwift: 985039c6f7b23a1da463388634119492ff86c825
  Socket.IO-Client-Swift: 1e3e3a1f09f3312a167f0d781eb2f383d477357c
  Starscream: 4bb2f9942274833f7b4d296a55504dcfc7edb7b0
  SwiftyDropbox: 7e864f1e826bfc1b9b53a5edccef6c8d5fbe9e3b
  SwiftyJSON: 36413e04c44ee145039d332b4f4e2d3e8d6c4db7
  Uploadcare: 07e4bdbde4e76ea3327b2d975981b1849d48d80f

PODFILE CHECKSUM: d9d02b7ee3e8e7bb4a81c0055642b08e7c96abfa

COCOAPODS: 1.10.0
